
Microsoft Visual Studio Solution File, Format Version 12.00
# Visual Studio 15
Project("{FAE04EC0-301F-11D3-BF4B-00C04F79EFBC}") = "Sheep_Wolf.Droid", "Droid\Sheep_Wolf.Droid.csproj", "{A642566C-F28D-43AE-B9E0-3B1826F2E286}"
EndProject
Project("{FAE04EC0-301F-11D3-BF4B-00C04F79EFBC}") = "Sheep_Wolf.iOS", "iOS\Sheep_Wolf.iOS.csproj", "{64B6F843-DBF6-423C-810B-6CDD9AA60A6E}"
EndProject
Project("{FAE04EC0-301F-11D3-BF4B-00C04F79EFBC}") = "Sheep_Wolf.Core", "Sheep_Wolf.Core\Sheep_Wolf.Core.csproj", "{518847B1-4692-4195-BE23-303FF935A938}"
EndProject
Global
	GlobalSection(SolutionConfigurationPlatforms) = preSolution
		Debug|Any CPU = Debug|Any CPU
		Release|Any CPU = Release|Any CPU
		Debug|iPhoneSimulator = Debug|iPhoneSimulator
		Release|iPhone = Release|iPhone
		Release|iPhoneSimulator = Release|iPhoneSimulator
		Debug|iPhone = Debug|iPhone
	EndGlobalSection
	GlobalSection(ProjectConfigurationPlatforms) = postSolution
		{A642566C-F28D-43AE-B9E0-3B1826F2E286}.Debug|Any CPU.ActiveCfg = Debug|Any CPU
		{A642566C-F28D-43AE-B9E0-3B1826F2E286}.Debug|Any CPU.Build.0 = Debug|Any CPU
		{A642566C-F28D-43AE-B9E0-3B1826F2E286}.Release|Any CPU.ActiveCfg = Release|Any CPU
		{A642566C-F28D-43AE-B9E0-3B1826F2E286}.Release|Any CPU.Build.0 = Release|Any CPU
		{A642566C-F28D-43AE-B9E0-3B1826F2E286}.Debug|iPhoneSimulator.ActiveCfg = Debug|Any CPU
		{A642566C-F28D-43AE-B9E0-3B1826F2E286}.Debug|iPhoneSimulator.Build.0 = Debug|Any CPU
		{A642566C-F28D-43AE-B9E0-3B1826F2E286}.Release|iPhone.ActiveCfg = Release|Any CPU
		{A642566C-F28D-43AE-B9E0-3B1826F2E286}.Release|iPhone.Build.0 = Release|Any CPU
		{A642566C-F28D-43AE-B9E0-3B1826F2E286}.Release|iPhoneSimulator.ActiveCfg = Release|Any CPU
		{A642566C-F28D-43AE-B9E0-3B1826F2E286}.Release|iPhoneSimulator.Build.0 = Release|Any CPU
		{A642566C-F28D-43AE-B9E0-3B1826F2E286}.Debug|iPhone.ActiveCfg = Debug|Any CPU
		{A642566C-F28D-43AE-B9E0-3B1826F2E286}.Debug|iPhone.Build.0 = Debug|Any CPU
		{64B6F843-DBF6-423C-810B-6CDD9AA60A6E}.Debug|Any CPU.ActiveCfg = Debug|iPhoneSimulator
		{64B6F843-DBF6-423C-810B-6CDD9AA60A6E}.Debug|Any CPU.Build.0 = Debug|iPhoneSimulator
		{64B6F843-DBF6-423C-810B-6CDD9AA60A6E}.Release|Any CPU.ActiveCfg = Release|iPhone
		{64B6F843-DBF6-423C-810B-6CDD9AA60A6E}.Release|Any CPU.Build.0 = Release|iPhone
		{64B6F843-DBF6-423C-810B-6CDD9AA60A6E}.Debug|iPhoneSimulator.ActiveCfg = Debug|iPhoneSimulator
		{64B6F843-DBF6-423C-810B-6CDD9AA60A6E}.Debug|iPhoneSimulator.Build.0 = Debug|iPhoneSimulator
		{64B6F843-DBF6-423C-810B-6CDD9AA60A6E}.Release|iPhone.ActiveCfg = Release|iPhone
		{64B6F843-DBF6-423C-810B-6CDD9AA60A6E}.Release|iPhone.Build.0 = Release|iPhone
		{64B6F843-DBF6-423C-810B-6CDD9AA60A6E}.Release|iPhoneSimulator.ActiveCfg = Release|iPhoneSimulator
		{64B6F843-DBF6-423C-810B-6CDD9AA60A6E}.Release|iPhoneSimulator.Build.0 = Release|iPhoneSimulator
		{64B6F843-DBF6-423C-810B-6CDD9AA60A6E}.Debug|iPhone.ActiveCfg = Debug|iPhone
		{64B6F843-DBF6-423C-810B-6CDD9AA60A6E}.Debug|iPhone.Build.0 = Debug|iPhone
		{518847B1-4692-4195-BE23-303FF935A938}.Debug|Any CPU.ActiveCfg = Debug|Any CPU
		{518847B1-4692-4195-BE23-303FF935A938}.Debug|Any CPU.Build.0 = Debug|Any CPU
		{518847B1-4692-4195-BE23-303FF935A938}.Release|Any CPU.ActiveCfg = Release|Any CPU
		{518847B1-4692-4195-BE23-303FF935A938}.Release|Any CPU.Build.0 = Release|Any CPU
		{518847B1-4692-4195-BE23-303FF935A938}.Debug|iPhoneSimulator.ActiveCfg = Debug|Any CPU
		{518847B1-4692-4195-BE23-303FF935A938}.Debug|iPhoneSimulator.Build.0 = Debug|Any CPU
		{518847B1-4692-4195-BE23-303FF935A938}.Release|iPhone.ActiveCfg = Release|Any CPU
		{518847B1-4692-4195-BE23-303FF935A938}.Release|iPhone.Build.0 = Release|Any CPU
		{518847B1-4692-4195-BE23-303FF935A938}.Release|iPhoneSimulator.ActiveCfg = Release|Any CPU
		{518847B1-4692-4195-BE23-303FF935A938}.Release|iPhoneSimulator.Build.0 = Release|Any CPU
		{518847B1-4692-4195-BE23-303FF935A938}.Debug|iPhone.ActiveCfg = Debug|Any CPU
		{518847B1-4692-4195-BE23-303FF935A938}.Debug|iPhone.Build.0 = Debug|Any CPU
	EndGlobalSection
EndGlobal
